
Microsoft Visual Studio Solution File, Format Version 12.00
# Visual Studio 14
VisualStudioVersion = 14.0.25123.0
MinimumVisualStudioVersion = 10.0.40219.1
Project("{FAE04EC0-301F-11D3-BF4B-00C04F79EFBC}") = "ConsoleApplication1", "ConsoleApplication1\ConsoleApplication1.csproj", "{76C8AA5A-6A67-42B2-869B-3BD7DD9B2647}"
EndProject
Project("{FAE04EC0-301F-11D3-BF4B-00C04F79EFBC}") = "AsyncDemo", "AsyncDemo\AsyncDemo.csproj", "{E7FD329B-F00E-44F3-A725-A3443F719541}"
EndProject
Project("{FAE04EC0-301F-11D3-BF4B-00C04F79EFBC}") = "delegateDemo", "delegateDemo\delegateDemo.csproj", "{39C9A5CC-73BE-489D-86E4-9C1DF1097BCC}"
EndProject
Project("{FAE04EC0-301F-11D3-BF4B-00C04F79EFBC}") = "AsyncMultiThreadDemo", "AsyncMultiThreadDemo\AsyncMultiThreadDemo.csproj", "{8AC532D2-99D1-493D-BDC3-92DDBE02B48D}"
EndProject
Project("{FAE04EC0-301F-11D3-BF4B-00C04F79EFBC}") = "NewFeaturesDemo", "NewFeaturesDemo\NewFeaturesDemo.csproj", "{78BA3649-929E-4BA4-9FD8-50260DE388C0}"
EndProject
Project("{FAE04EC0-301F-11D3-BF4B-00C04F79EFBC}") = "TPL-PLinq-lambdaDemo", "TPL-PLinq-lambdaDemo\TPL-PLinq-lambdaDemo.csproj", "{E6A42F42-DA00-4DAC-AEDF-1528536E7BD6}"
EndProject
Project("{FAE04EC0-301F-11D3-BF4B-00C04F79EFBC}") = "PartitionersDemo", "PartitionersDemo\PartitionersDemo.csproj", "{CD4D0118-59E2-44B5-98D3-2BE62624C3EA}"
EndProject
Project("{FAE04EC0-301F-11D3-BF4B-00C04F79EFBC}") = "TaskParallelismDemo", "TaskParallelismDemo\TaskParallelismDemo.csproj", "{01EC4267-048A-4F80-8720-0EAB297D6460}"
EndProject
Project("{FAE04EC0-301F-11D3-BF4B-00C04F79EFBC}") = "LoveDemo", "LoveDemo\LoveDemo.csproj", "{533E20A8-DDB1-4F42-82D2-AD763126A093}"
EndProject
Project("{FAE04EC0-301F-11D3-BF4B-00C04F79EFBC}") = "LoveDmeoTest", "LoveDmeoTest\LoveDmeoTest.csproj", "{334CBEA1-608F-4871-8962-62DF7A3445F2}"
EndProject
Project("{FAE04EC0-301F-11D3-BF4B-00C04F79EFBC}") = "LinqToOjectsDemo", "LinqToOjectsDemo\LinqToOjectsDemo.csproj", "{6F03C000-56C5-460E-8B9F-79F95207A51A}"
EndProject
Project("{FAE04EC0-301F-11D3-BF4B-00C04F79EFBC}") = "App1", "App1\App1.csproj", "{B3CF191E-19D0-4936-B021-9CB5DA19F9D0}"
EndProject
Project("{FAE04EC0-301F-11D3-BF4B-00C04F79EFBC}") = "MoveShapeDemo", "MoveShapeDemo\MoveShapeDemo.csproj", "{FE88CB10-6264-452A-ADA8-DC11BE91E812}"
EndProject
Project("{FAE04EC0-301F-11D3-BF4B-00C04F79EFBC}") = "SignalRChatDemo", "SignalRChatDemo\SignalRChatDemo.csproj", "{B76AED63-299A-4AEF-8F59-4A7F5DFEB92C}"
EndProject
Project("{FAE04EC0-301F-11D3-BF4B-00C04F79EFBC}") = "ChatMVCdemo", "ChatMVCdemo\ChatMVCdemo.csproj", "{1642A87A-B6F9-4C86-89D6-89C846D88ED0}"
EndProject
Project("{FAE04EC0-301F-11D3-BF4B-00C04F79EFBC}") = "SignalR.StockTicker", "SignalR.StockTicker\SignalR.StockTicker.csproj", "{C51C198D-4183-4229-BE27-3917C0D75E58}"
EndProject
Global
	GlobalSection(SolutionConfigurationPlatforms) = preSolution
		Ad-Hoc|Any CPU = Ad-Hoc|Any CPU
		Ad-Hoc|iPhone = Ad-Hoc|iPhone
		Ad-Hoc|iPhoneSimulator = Ad-Hoc|iPhoneSimulator
		AppStore|Any CPU = AppStore|Any CPU
		AppStore|iPhone = AppStore|iPhone
		AppStore|iPhoneSimulator = AppStore|iPhoneSimulator
		Debug|Any CPU = Debug|Any CPU
		Debug|iPhone = Debug|iPhone
		Debug|iPhoneSimulator = Debug|iPhoneSimulator
		Release|Any CPU = Release|Any CPU
		Release|iPhone = Release|iPhone
		Release|iPhoneSimulator = Release|iPhoneSimulator
	EndGlobalSection
	GlobalSection(ProjectConfigurationPlatforms) = postSolution
		{76C8AA5A-6A67-42B2-869B-3BD7DD9B2647}.Ad-Hoc|Any CPU.ActiveCfg = Release|Any CPU
		{76C8AA5A-6A67-42B2-869B-3BD7DD9B2647}.Ad-Hoc|Any CPU.Build.0 = Release|Any CPU
		{76C8AA5A-6A67-42B2-869B-3BD7DD9B2647}.Ad-Hoc|iPhone.ActiveCfg = Release|Any CPU
		{76C8AA5A-6A67-42B2-869B-3BD7DD9B2647}.Ad-Hoc|iPhone.Build.0 = Release|Any CPU
		{76C8AA5A-6A67-42B2-869B-3BD7DD9B2647}.Ad-Hoc|iPhoneSimulator.ActiveCfg = Release|Any CPU
		{76C8AA5A-6A67-42B2-869B-3BD7DD9B2647}.Ad-Hoc|iPhoneSimulator.Build.0 = Release|Any CPU
		{76C8AA5A-6A67-42B2-869B-3BD7DD9B2647}.AppStore|Any CPU.ActiveCfg = Release|Any CPU
		{76C8AA5A-6A67-42B2-869B-3BD7DD9B2647}.AppStore|Any CPU.Build.0 = Release|Any CPU
		{76C8AA5A-6A67-42B2-869B-3BD7DD9B2647}.AppStore|iPhone.ActiveCfg = Release|Any CPU
		{76C8AA5A-6A67-42B2-869B-3BD7DD9B2647}.AppStore|iPhone.Build.0 = Release|Any CPU
		{76C8AA5A-6A67-42B2-869B-3BD7DD9B2647}.AppStore|iPhoneSimulator.ActiveCfg = Release|Any CPU
		{76C8AA5A-6A67-42B2-869B-3BD7DD9B2647}.AppStore|iPhoneSimulator.Build.0 = Release|Any CPU
		{76C8AA5A-6A67-42B2-869B-3BD7DD9B2647}.Debug|Any CPU.ActiveCfg = Debug|Any CPU
		{76C8AA5A-6A67-42B2-869B-3BD7DD9B2647}.Debug|Any CPU.Build.0 = Debug|Any CPU
		{76C8AA5A-6A67-42B2-869B-3BD7DD9B2647}.Debug|iPhone.ActiveCfg = Debug|Any CPU
		{76C8AA5A-6A67-42B2-869B-3BD7DD9B2647}.Debug|iPhone.Build.0 = Debug|Any CPU
		{76C8AA5A-6A67-42B2-869B-3BD7DD9B2647}.Debug|iPhoneSimulator.ActiveCfg = Debug|Any CPU
		{76C8AA5A-6A67-42B2-869B-3BD7DD9B2647}.Debug|iPhoneSimulator.Build.0 = Debug|Any CPU
		{76C8AA5A-6A67-42B2-869B-3BD7DD9B2647}.Release|Any CPU.ActiveCfg = Release|Any CPU
		{76C8AA5A-6A67-42B2-869B-3BD7DD9B2647}.Release|Any CPU.Build.0 = Release|Any CPU
		{76C8AA5A-6A67-42B2-869B-3BD7DD9B2647}.Release|iPhone.ActiveCfg = Release|Any CPU
		{76C8AA5A-6A67-42B2-869B-3BD7DD9B2647}.Release|iPhone.Build.0 = Release|Any CPU
		{76C8AA5A-6A67-42B2-869B-3BD7DD9B2647}.Release|iPhoneSimulator.ActiveCfg = Release|Any CPU
		{76C8AA5A-6A67-42B2-869B-3BD7DD9B2647}.Release|iPhoneSimulator.Build.0 = Release|Any CPU
		{E7FD329B-F00E-44F3-A725-A3443F719541}.Ad-Hoc|Any CPU.ActiveCfg = Release|Any CPU
		{E7FD329B-F00E-44F3-A725-A3443F719541}.Ad-Hoc|Any CPU.Build.0 = Release|Any CPU
		{E7FD329B-F00E-44F3-A725-A3443F719541}.Ad-Hoc|iPhone.ActiveCfg = Release|Any CPU
		{E7FD329B-F00E-44F3-A725-A3443F719541}.Ad-Hoc|iPhone.Build.0 = Release|Any CPU
		{E7FD329B-F00E-44F3-A725-A3443F719541}.Ad-Hoc|iPhoneSimulator.ActiveCfg = Release|Any CPU
		{E7FD329B-F00E-44F3-A725-A3443F719541}.Ad-Hoc|iPhoneSimulator.Build.0 = Release|Any CPU
		{E7FD329B-F00E-44F3-A725-A3443F719541}.AppStore|Any CPU.ActiveCfg = Release|Any CPU
		{E7FD329B-F00E-44F3-A725-A3443F719541}.AppStore|Any CPU.Build.0 = Release|Any CPU
		{E7FD329B-F00E-44F3-A725-A3443F719541}.AppStore|iPhone.ActiveCfg = Release|Any CPU
		{E7FD329B-F00E-44F3-A725-A3443F719541}.AppStore|iPhone.Build.0 = Release|Any CPU
		{E7FD329B-F00E-44F3-A725-A3443F719541}.AppStore|iPhoneSimulator.ActiveCfg = Release|Any CPU
		{E7FD329B-F00E-44F3-A725-A3443F719541}.AppStore|iPhoneSimulator.Build.0 = Release|Any CPU
		{E7FD329B-F00E-44F3-A725-A3443F719541}.Debug|Any CPU.ActiveCfg = Debug|Any CPU
		{E7FD329B-F00E-44F3-A725-A3443F719541}.Debug|Any CPU.Build.0 = Debug|Any CPU
		{E7FD329B-F00E-44F3-A725-A3443F719541}.Debug|iPhone.ActiveCfg = Debug|Any CPU
		{E7FD329B-F00E-44F3-A725-A3443F719541}.Debug|iPhone.Build.0 = Debug|Any CPU
		{E7FD329B-F00E-44F3-A725-A3443F719541}.Debug|iPhoneSimulator.ActiveCfg = Debug|Any CPU
		{E7FD329B-F00E-44F3-A725-A3443F719541}.Debug|iPhoneSimulator.Build.0 = Debug|Any CPU
		{E7FD329B-F00E-44F3-A725-A3443F719541}.Release|Any CPU.ActiveCfg = Release|Any CPU
		{E7FD329B-F00E-44F3-A725-A3443F719541}.Release|Any CPU.Build.0 = Release|Any CPU
		{E7FD329B-F00E-44F3-A725-A3443F719541}.Release|iPhone.ActiveCfg = Release|Any CPU
		{E7FD329B-F00E-44F3-A725-A3443F719541}.Release|iPhone.Build.0 = Release|Any CPU
		{E7FD329B-F00E-44F3-A725-A3443F719541}.Release|iPhoneSimulator.ActiveCfg = Release|Any CPU
		{E7FD329B-F00E-44F3-A725-A3443F719541}.Release|iPhoneSimulator.Build.0 = Release|Any CPU
		{39C9A5CC-73BE-489D-86E4-9C1DF1097BCC}.Ad-Hoc|Any CPU.ActiveCfg = Release|Any CPU
		{39C9A5CC-73BE-489D-86E4-9C1DF1097BCC}.Ad-Hoc|Any CPU.Build.0 = Release|Any CPU
		{39C9A5CC-73BE-489D-86E4-9C1DF1097BCC}.Ad-Hoc|iPhone.ActiveCfg = Release|Any CPU
		{39C9A5CC-73BE-489D-86E4-9C1DF1097BCC}.Ad-Hoc|iPhone.Build.0 = Release|Any CPU
		{39C9A5CC-73BE-489D-86E4-9C1DF1097BCC}.Ad-Hoc|iPhoneSimulator.ActiveCfg = Release|Any CPU
		{39C9A5CC-73BE-489D-86E4-9C1DF1097BCC}.Ad-Hoc|iPhoneSimulator.Build.0 = Release|Any CPU
		{39C9A5CC-73BE-489D-86E4-9C1DF1097BCC}.AppStore|Any CPU.ActiveCfg = Release|Any CPU
		{39C9A5CC-73BE-489D-86E4-9C1DF1097BCC}.AppStore|Any CPU.Build.0 = Release|Any CPU
		{39C9A5CC-73BE-489D-86E4-9C1DF1097BCC}.AppStore|iPhone.ActiveCfg = Release|Any CPU
		{39C9A5CC-73BE-489D-86E4-9C1DF1097BCC}.AppStore|iPhone.Build.0 = Release|Any CPU
		{39C9A5CC-73BE-489D-86E4-9C1DF1097BCC}.AppStore|iPhoneSimulator.ActiveCfg = Release|Any CPU
		{39C9A5CC-73BE-489D-86E4-9C1DF1097BCC}.AppStore|iPhoneSimulator.Build.0 = Release|Any CPU
		{39C9A5CC-73BE-489D-86E4-9C1DF1097BCC}.Debug|Any CPU.ActiveCfg = Debug|Any CPU
		{39C9A5CC-73BE-489D-86E4-9C1DF1097BCC}.Debug|Any CPU.Build.0 = Debug|Any CPU
		{39C9A5CC-73BE-489D-86E4-9C1DF1097BCC}.Debug|iPhone.ActiveCfg = Debug|Any CPU
		{39C9A5CC-73BE-489D-86E4-9C1DF1097BCC}.Debug|iPhone.Build.0 = Debug|Any CPU
		{39C9A5CC-73BE-489D-86E4-9C1DF1097BCC}.Debug|iPhoneSimulator.ActiveCfg = Debug|Any CPU
		{39C9A5CC-73BE-489D-86E4-9C1DF1097BCC}.Debug|iPhoneSimulator.Build.0 = Debug|Any CPU
		{39C9A5CC-73BE-489D-86E4-9C1DF1097BCC}.Release|Any CPU.ActiveCfg = Release|Any CPU
		{39C9A5CC-73BE-489D-86E4-9C1DF1097BCC}.Release|Any CPU.Build.0 = Release|Any CPU
		{39C9A5CC-73BE-489D-86E4-9C1DF1097BCC}.Release|iPhone.ActiveCfg = Release|Any CPU
		{39C9A5CC-73BE-489D-86E4-9C1DF1097BCC}.Release|iPhone.Build.0 = Release|Any CPU
		{39C9A5CC-73BE-489D-86E4-9C1DF1097BCC}.Release|iPhoneSimulator.ActiveCfg = Release|Any CPU
		{39C9A5CC-73BE-489D-86E4-9C1DF1097BCC}.Release|iPhoneSimulator.Build.0 = Release|Any CPU
		{8AC532D2-99D1-493D-BDC3-92DDBE02B48D}.Ad-Hoc|Any CPU.ActiveCfg = Release|Any CPU
		{8AC532D2-99D1-493D-BDC3-92DDBE02B48D}.Ad-Hoc|Any CPU.Build.0 = Release|Any CPU
		{8AC532D2-99D1-493D-BDC3-92DDBE02B48D}.Ad-Hoc|iPhone.ActiveCfg = Release|Any CPU
		{8AC532D2-99D1-493D-BDC3-92DDBE02B48D}.Ad-Hoc|iPhone.Build.0 = Release|Any CPU
		{8AC532D2-99D1-493D-BDC3-92DDBE02B48D}.Ad-Hoc|iPhoneSimulator.ActiveCfg = Release|Any CPU
		{8AC532D2-99D1-493D-BDC3-92DDBE02B48D}.Ad-Hoc|iPhoneSimulator.Build.0 = Release|Any CPU
		{8AC532D2-99D1-493D-BDC3-92DDBE02B48D}.AppStore|Any CPU.ActiveCfg = Release|Any CPU
		{8AC532D2-99D1-493D-BDC3-92DDBE02B48D}.AppStore|Any CPU.Build.0 = Release|Any CPU
		{8AC532D2-99D1-493D-BDC3-92DDBE02B48D}.AppStore|iPhone.ActiveCfg = Release|Any CPU
		{8AC532D2-99D1-493D-BDC3-92DDBE02B48D}.AppStore|iPhone.Build.0 = Release|Any CPU
		{8AC532D2-99D1-493D-BDC3-92DDBE02B48D}.AppStore|iPhoneSimulator.ActiveCfg = Release|Any CPU
		{8AC532D2-99D1-493D-BDC3-92DDBE02B48D}.AppStore|iPhoneSimulator.Build.0 = Release|Any CPU
		{8AC532D2-99D1-493D-BDC3-92DDBE02B48D}.Debug|Any CPU.ActiveCfg = Debug|Any CPU
		{8AC532D2-99D1-493D-BDC3-92DDBE02B48D}.Debug|Any CPU.Build.0 = Debug|Any CPU
		{8AC532D2-99D1-493D-BDC3-92DDBE02B48D}.Debug|iPhone.ActiveCfg = Debug|Any CPU
		{8AC532D2-99D1-493D-BDC3-92DDBE02B48D}.Debug|iPhone.Build.0 = Debug|Any CPU
		{8AC532D2-99D1-493D-BDC3-92DDBE02B48D}.Debug|iPhoneSimulator.ActiveCfg = Debug|Any CPU
		{8AC532D2-99D1-493D-BDC3-92DDBE02B48D}.Debug|iPhoneSimulator.Build.0 = Debug|Any CPU
		{8AC532D2-99D1-493D-BDC3-92DDBE02B48D}.Release|Any CPU.ActiveCfg = Release|Any CPU
		{8AC532D2-99D1-493D-BDC3-92DDBE02B48D}.Release|Any CPU.Build.0 = Release|Any CPU
		{8AC532D2-99D1-493D-BDC3-92DDBE02B48D}.Release|iPhone.ActiveCfg = Release|Any CPU
		{8AC532D2-99D1-493D-BDC3-92DDBE02B48D}.Release|iPhone.Build.0 = Release|Any CPU
		{8AC532D2-99D1-493D-BDC3-92DDBE02B48D}.Release|iPhoneSimulator.ActiveCfg = Release|Any CPU
		{8AC532D2-99D1-493D-BDC3-92DDBE02B48D}.Release|iPhoneSimulator.Build.0 = Release|Any CPU
		{78BA3649-929E-4BA4-9FD8-50260DE388C0}.Ad-Hoc|Any CPU.ActiveCfg = Release|Any CPU
		{78BA3649-929E-4BA4-9FD8-50260DE388C0}.Ad-Hoc|Any CPU.Build.0 = Release|Any CPU
		{78BA3649-929E-4BA4-9FD8-50260DE388C0}.Ad-Hoc|iPhone.ActiveCfg = Release|Any CPU
		{78BA3649-929E-4BA4-9FD8-50260DE388C0}.Ad-Hoc|iPhone.Build.0 = Release|Any CPU
		{78BA3649-929E-4BA4-9FD8-50260DE388C0}.Ad-Hoc|iPhoneSimulator.ActiveCfg = Release|Any CPU
		{78BA3649-929E-4BA4-9FD8-50260DE388C0}.Ad-Hoc|iPhoneSimulator.Build.0 = Release|Any CPU
		{78BA3649-929E-4BA4-9FD8-50260DE388C0}.AppStore|Any CPU.ActiveCfg = Release|Any CPU
		{78BA3649-929E-4BA4-9FD8-50260DE388C0}.AppStore|Any CPU.Build.0 = Release|Any CPU
		{78BA3649-929E-4BA4-9FD8-50260DE388C0}.AppStore|iPhone.ActiveCfg = Release|Any CPU
		{78BA3649-929E-4BA4-9FD8-50260DE388C0}.AppStore|iPhone.Build.0 = Release|Any CPU
		{78BA3649-929E-4BA4-9FD8-50260DE388C0}.AppStore|iPhoneSimulator.ActiveCfg = Release|Any CPU
		{78BA3649-929E-4BA4-9FD8-50260DE388C0}.AppStore|iPhoneSimulator.Build.0 = Release|Any CPU
		{78BA3649-929E-4BA4-9FD8-50260DE388C0}.Debug|Any CPU.ActiveCfg = Debug|Any CPU
		{78BA3649-929E-4BA4-9FD8-50260DE388C0}.Debug|Any CPU.Build.0 = Debug|Any CPU
		{78BA3649-929E-4BA4-9FD8-50260DE388C0}.Debug|iPhone.ActiveCfg = Debug|Any CPU
		{78BA3649-929E-4BA4-9FD8-50260DE388C0}.Debug|iPhone.Build.0 = Debug|Any CPU
		{78BA3649-929E-4BA4-9FD8-50260DE388C0}.Debug|iPhoneSimulator.ActiveCfg = Debug|Any CPU
		{78BA3649-929E-4BA4-9FD8-50260DE388C0}.Debug|iPhoneSimulator.Build.0 = Debug|Any CPU
		{78BA3649-929E-4BA4-9FD8-50260DE388C0}.Release|Any CPU.ActiveCfg = Release|Any CPU
		{78BA3649-929E-4BA4-9FD8-50260DE388C0}.Release|Any CPU.Build.0 = Release|Any CPU
		{78BA3649-929E-4BA4-9FD8-50260DE388C0}.Release|iPhone.ActiveCfg = Release|Any CPU
		{78BA3649-929E-4BA4-9FD8-50260DE388C0}.Release|iPhone.Build.0 = Release|Any CPU
		{78BA3649-929E-4BA4-9FD8-50260DE388C0}.Release|iPhoneSimulator.ActiveCfg = Release|Any CPU
		{78BA3649-929E-4BA4-9FD8-50260DE388C0}.Release|iPhoneSimulator.Build.0 = Release|Any CPU
		{E6A42F42-DA00-4DAC-AEDF-1528536E7BD6}.Ad-Hoc|Any CPU.ActiveCfg = Release|Any CPU
		{E6A42F42-DA00-4DAC-AEDF-1528536E7BD6}.Ad-Hoc|Any CPU.Build.0 = Release|Any CPU
		{E6A42F42-DA00-4DAC-AEDF-1528536E7BD6}.Ad-Hoc|iPhone.ActiveCfg = Release|Any CPU
		{E6A42F42-DA00-4DAC-AEDF-1528536E7BD6}.Ad-Hoc|iPhone.Build.0 = Release|Any CPU
		{E6A42F42-DA00-4DAC-AEDF-1528536E7BD6}.Ad-Hoc|iPhoneSimulator.ActiveCfg = Release|Any CPU
		{E6A42F42-DA00-4DAC-AEDF-1528536E7BD6}.Ad-Hoc|iPhoneSimulator.Build.0 = Release|Any CPU
		{E6A42F42-DA00-4DAC-AEDF-1528536E7BD6}.AppStore|Any CPU.ActiveCfg = Release|Any CPU
		{E6A42F42-DA00-4DAC-AEDF-1528536E7BD6}.AppStore|Any CPU.Build.0 = Release|Any CPU
		{E6A42F42-DA00-4DAC-AEDF-1528536E7BD6}.AppStore|iPhone.ActiveCfg = Release|Any CPU
		{E6A42F42-DA00-4DAC-AEDF-1528536E7BD6}.AppStore|iPhone.Build.0 = Release|Any CPU
		{E6A42F42-DA00-4DAC-AEDF-1528536E7BD6}.AppStore|iPhoneSimulator.ActiveCfg = Release|Any CPU
		{E6A42F42-DA00-4DAC-AEDF-1528536E7BD6}.AppStore|iPhoneSimulator.Build.0 = Release|Any CPU
		{E6A42F42-DA00-4DAC-AEDF-1528536E7BD6}.Debug|Any CPU.ActiveCfg = Debug|Any CPU
		{E6A42F42-DA00-4DAC-AEDF-1528536E7BD6}.Debug|Any CPU.Build.0 = Debug|Any CPU
		{E6A42F42-DA00-4DAC-AEDF-1528536E7BD6}.Debug|iPhone.ActiveCfg = Debug|Any CPU
		{E6A42F42-DA00-4DAC-AEDF-1528536E7BD6}.Debug|iPhone.Build.0 = Debug|Any CPU
		{E6A42F42-DA00-4DAC-AEDF-1528536E7BD6}.Debug|iPhoneSimulator.ActiveCfg = Debug|Any CPU
		{E6A42F42-DA00-4DAC-AEDF-1528536E7BD6}.Debug|iPhoneSimulator.Build.0 = Debug|Any CPU
		{E6A42F42-DA00-4DAC-AEDF-1528536E7BD6}.Release|Any CPU.ActiveCfg = Release|Any CPU
		{E6A42F42-DA00-4DAC-AEDF-1528536E7BD6}.Release|Any CPU.Build.0 = Release|Any CPU
		{E6A42F42-DA00-4DAC-AEDF-1528536E7BD6}.Release|iPhone.ActiveCfg = Release|Any CPU
		{E6A42F42-DA00-4DAC-AEDF-1528536E7BD6}.Release|iPhone.Build.0 = Release|Any CPU
		{E6A42F42-DA00-4DAC-AEDF-1528536E7BD6}.Release|iPhoneSimulator.ActiveCfg = Release|Any CPU
		{E6A42F42-DA00-4DAC-AEDF-1528536E7BD6}.Release|iPhoneSimulator.Build.0 = Release|Any CPU
		{CD4D0118-59E2-44B5-98D3-2BE62624C3EA}.Ad-Hoc|Any CPU.ActiveCfg = Release|Any CPU
		{CD4D0118-59E2-44B5-98D3-2BE62624C3EA}.Ad-Hoc|Any CPU.Build.0 = Release|Any CPU
		{CD4D0118-59E2-44B5-98D3-2BE62624C3EA}.Ad-Hoc|iPhone.ActiveCfg = Release|Any CPU
		{CD4D0118-59E2-44B5-98D3-2BE62624C3EA}.Ad-Hoc|iPhone.Build.0 = Release|Any CPU
		{CD4D0118-59E2-44B5-98D3-2BE62624C3EA}.Ad-Hoc|iPhoneSimulator.ActiveCfg = Release|Any CPU
		{CD4D0118-59E2-44B5-98D3-2BE62624C3EA}.Ad-Hoc|iPhoneSimulator.Build.0 = Release|Any CPU
		{CD4D0118-59E2-44B5-98D3-2BE62624C3EA}.AppStore|Any CPU.ActiveCfg = Release|Any CPU
		{CD4D0118-59E2-44B5-98D3-2BE62624C3EA}.AppStore|Any CPU.Build.0 = Release|Any CPU
		{CD4D0118-59E2-44B5-98D3-2BE62624C3EA}.AppStore|iPhone.ActiveCfg = Release|Any CPU
		{CD4D0118-59E2-44B5-98D3-2BE62624C3EA}.AppStore|iPhone.Build.0 = Release|Any CPU
		{CD4D0118-59E2-44B5-98D3-2BE62624C3EA}.AppStore|iPhoneSimulator.ActiveCfg = Release|Any CPU
		{CD4D0118-59E2-44B5-98D3-2BE62624C3EA}.AppStore|iPhoneSimulator.Build.0 = Release|Any CPU
		{CD4D0118-59E2-44B5-98D3-2BE62624C3EA}.Debug|Any CPU.ActiveCfg = Debug|Any CPU
		{CD4D0118-59E2-44B5-98D3-2BE62624C3EA}.Debug|Any CPU.Build.0 = Debug|Any CPU
		{CD4D0118-59E2-44B5-98D3-2BE62624C3EA}.Debug|iPhone.ActiveCfg = Debug|Any CPU
		{CD4D0118-59E2-44B5-98D3-2BE62624C3EA}.Debug|iPhone.Build.0 = Debug|Any CPU
		{CD4D0118-59E2-44B5-98D3-2BE62624C3EA}.Debug|iPhoneSimulator.ActiveCfg = Debug|Any CPU
		{CD4D0118-59E2-44B5-98D3-2BE62624C3EA}.Debug|iPhoneSimulator.Build.0 = Debug|Any CPU
		{CD4D0118-59E2-44B5-98D3-2BE62624C3EA}.Release|Any CPU.ActiveCfg = Release|Any CPU
		{CD4D0118-59E2-44B5-98D3-2BE62624C3EA}.Release|Any CPU.Build.0 = Release|Any CPU
		{CD4D0118-59E2-44B5-98D3-2BE62624C3EA}.Release|iPhone.ActiveCfg = Release|Any CPU
		{CD4D0118-59E2-44B5-98D3-2BE62624C3EA}.Release|iPhone.Build.0 = Release|Any CPU
		{CD4D0118-59E2-44B5-98D3-2BE62624C3EA}.Release|iPhoneSimulator.ActiveCfg = Release|Any CPU
		{CD4D0118-59E2-44B5-98D3-2BE62624C3EA}.Release|iPhoneSimulator.Build.0 = Release|Any CPU
		{01EC4267-048A-4F80-8720-0EAB297D6460}.Ad-Hoc|Any CPU.ActiveCfg = Release|Any CPU
		{01EC4267-048A-4F80-8720-0EAB297D6460}.Ad-Hoc|Any CPU.Build.0 = Release|Any CPU
		{01EC4267-048A-4F80-8720-0EAB297D6460}.Ad-Hoc|iPhone.ActiveCfg = Release|Any CPU
		{01EC4267-048A-4F80-8720-0EAB297D6460}.Ad-Hoc|iPhone.Build.0 = Release|Any CPU
		{01EC4267-048A-4F80-8720-0EAB297D6460}.Ad-Hoc|iPhoneSimulator.ActiveCfg = Release|Any CPU
		{01EC4267-048A-4F80-8720-0EAB297D6460}.Ad-Hoc|iPhoneSimulator.Build.0 = Release|Any CPU
		{01EC4267-048A-4F80-8720-0EAB297D6460}.AppStore|Any CPU.ActiveCfg = Release|Any CPU
		{01EC4267-048A-4F80-8720-0EAB297D6460}.AppStore|Any CPU.Build.0 = Release|Any CPU
		{01EC4267-048A-4F80-8720-0EAB297D6460}.AppStore|iPhone.ActiveCfg = Release|Any CPU
		{01EC4267-048A-4F80-8720-0EAB297D6460}.AppStore|iPhone.Build.0 = Release|Any CPU
		{01EC4267-048A-4F80-8720-0EAB297D6460}.AppStore|iPhoneSimulator.ActiveCfg = Release|Any CPU
		{01EC4267-048A-4F80-8720-0EAB297D6460}.AppStore|iPhoneSimulator.Build.0 = Release|Any CPU
		{01EC4267-048A-4F80-8720-0EAB297D6460}.Debug|Any CPU.ActiveCfg = Debug|Any CPU
		{01EC4267-048A-4F80-8720-0EAB297D6460}.Debug|Any CPU.Build.0 = Debug|Any CPU
		{01EC4267-048A-4F80-8720-0EAB297D6460}.Debug|iPhone.ActiveCfg = Debug|Any CPU
		{01EC4267-048A-4F80-8720-0EAB297D6460}.Debug|iPhone.Build.0 = Debug|Any CPU
		{01EC4267-048A-4F80-8720-0EAB297D6460}.Debug|iPhoneSimulator.ActiveCfg = Debug|Any CPU
		{01EC4267-048A-4F80-8720-0EAB297D6460}.Debug|iPhoneSimulator.Build.0 = Debug|Any CPU
		{01EC4267-048A-4F80-8720-0EAB297D6460}.Release|Any CPU.ActiveCfg = Release|Any CPU
		{01EC4267-048A-4F80-8720-0EAB297D6460}.Release|Any CPU.Build.0 = Release|Any CPU
		{01EC4267-048A-4F80-8720-0EAB297D6460}.Release|iPhone.ActiveCfg = Release|Any CPU
		{01EC4267-048A-4F80-8720-0EAB297D6460}.Release|iPhone.Build.0 = Release|Any CPU
		{01EC4267-048A-4F80-8720-0EAB297D6460}.Release|iPhoneSimulator.ActiveCfg = Release|Any CPU
		{01EC4267-048A-4F80-8720-0EAB297D6460}.Release|iPhoneSimulator.Build.0 = Release|Any CPU
		{533E20A8-DDB1-4F42-82D2-AD763126A093}.Ad-Hoc|Any CPU.ActiveCfg = Release|Any CPU
		{533E20A8-DDB1-4F42-82D2-AD763126A093}.Ad-Hoc|Any CPU.Build.0 = Release|Any CPU
		{533E20A8-DDB1-4F42-82D2-AD763126A093}.Ad-Hoc|iPhone.ActiveCfg = Release|Any CPU
		{533E20A8-DDB1-4F42-82D2-AD763126A093}.Ad-Hoc|iPhone.Build.0 = Release|Any CPU
		{533E20A8-DDB1-4F42-82D2-AD763126A093}.Ad-Hoc|iPhoneSimulator.ActiveCfg = Release|Any CPU
		{533E20A8-DDB1-4F42-82D2-AD763126A093}.Ad-Hoc|iPhoneSimulator.Build.0 = Release|Any CPU
		{533E20A8-DDB1-4F42-82D2-AD763126A093}.AppStore|Any CPU.ActiveCfg = Release|Any CPU
		{533E20A8-DDB1-4F42-82D2-AD763126A093}.AppStore|Any CPU.Build.0 = Release|Any CPU
		{533E20A8-DDB1-4F42-82D2-AD763126A093}.AppStore|iPhone.ActiveCfg = Release|Any CPU
		{533E20A8-DDB1-4F42-82D2-AD763126A093}.AppStore|iPhone.Build.0 = Release|Any CPU
		{533E20A8-DDB1-4F42-82D2-AD763126A093}.AppStore|iPhoneSimulator.ActiveCfg = Release|Any CPU
		{533E20A8-DDB1-4F42-82D2-AD763126A093}.AppStore|iPhoneSimulator.Build.0 = Release|Any CPU
		{533E20A8-DDB1-4F42-82D2-AD763126A093}.Debug|Any CPU.ActiveCfg = Debug|Any CPU
		{533E20A8-DDB1-4F42-82D2-AD763126A093}.Debug|Any CPU.Build.0 = Debug|Any CPU
		{533E20A8-DDB1-4F42-82D2-AD763126A093}.Debug|iPhone.ActiveCfg = Debug|Any CPU
		{533E20A8-DDB1-4F42-82D2-AD763126A093}.Debug|iPhone.Build.0 = Debug|Any CPU
		{533E20A8-DDB1-4F42-82D2-AD763126A093}.Debug|iPhoneSimulator.ActiveCfg = Debug|Any CPU
		{533E20A8-DDB1-4F42-82D2-AD763126A093}.Debug|iPhoneSimulator.Build.0 = Debug|Any CPU
		{533E20A8-DDB1-4F42-82D2-AD763126A093}.Release|Any CPU.ActiveCfg = Release|Any CPU
		{533E20A8-DDB1-4F42-82D2-AD763126A093}.Release|Any CPU.Build.0 = Release|Any CPU
		{533E20A8-DDB1-4F42-82D2-AD763126A093}.Release|iPhone.ActiveCfg = Release|Any CPU
		{533E20A8-DDB1-4F42-82D2-AD763126A093}.Release|iPhone.Build.0 = Release|Any CPU
		{533E20A8-DDB1-4F42-82D2-AD763126A093}.Release|iPhoneSimulator.ActiveCfg = Release|Any CPU
		{533E20A8-DDB1-4F42-82D2-AD763126A093}.Release|iPhoneSimulator.Build.0 = Release|Any CPU
		{334CBEA1-608F-4871-8962-62DF7A3445F2}.Ad-Hoc|Any CPU.ActiveCfg = Release|Any CPU
		{334CBEA1-608F-4871-8962-62DF7A3445F2}.Ad-Hoc|Any CPU.Build.0 = Release|Any CPU
		{334CBEA1-608F-4871-8962-62DF7A3445F2}.Ad-Hoc|iPhone.ActiveCfg = Release|Any CPU
		{334CBEA1-608F-4871-8962-62DF7A3445F2}.Ad-Hoc|iPhone.Build.0 = Release|Any CPU
		{334CBEA1-608F-4871-8962-62DF7A3445F2}.Ad-Hoc|iPhoneSimulator.ActiveCfg = Release|Any CPU
		{334CBEA1-608F-4871-8962-62DF7A3445F2}.Ad-Hoc|iPhoneSimulator.Build.0 = Release|Any CPU
		{334CBEA1-608F-4871-8962-62DF7A3445F2}.AppStore|Any CPU.ActiveCfg = Release|Any CPU
		{334CBEA1-608F-4871-8962-62DF7A3445F2}.AppStore|Any CPU.Build.0 = Release|Any CPU
		{334CBEA1-608F-4871-8962-62DF7A3445F2}.AppStore|iPhone.ActiveCfg = Release|Any CPU
		{334CBEA1-608F-4871-8962-62DF7A3445F2}.AppStore|iPhone.Build.0 = Release|Any CPU
		{334CBEA1-608F-4871-8962-62DF7A3445F2}.AppStore|iPhoneSimulator.ActiveCfg = Release|Any CPU
		{334CBEA1-608F-4871-8962-62DF7A3445F2}.AppStore|iPhoneSimulator.Build.0 = Release|Any CPU
		{334CBEA1-608F-4871-8962-62DF7A3445F2}.Debug|Any CPU.ActiveCfg = Debug|Any CPU
		{334CBEA1-608F-4871-8962-62DF7A3445F2}.Debug|Any CPU.Build.0 = Debug|Any CPU
		{334CBEA1-608F-4871-8962-62DF7A3445F2}.Debug|iPhone.ActiveCfg = Debug|Any CPU
		{334CBEA1-608F-4871-8962-62DF7A3445F2}.Debug|iPhone.Build.0 = Debug|Any CPU
		{334CBEA1-608F-4871-8962-62DF7A3445F2}.Debug|iPhoneSimulator.ActiveCfg = Debug|Any CPU
		{334CBEA1-608F-4871-8962-62DF7A3445F2}.Debug|iPhoneSimulator.Build.0 = Debug|Any CPU
		{334CBEA1-608F-4871-8962-62DF7A3445F2}.Release|Any CPU.ActiveCfg = Release|Any CPU
		{334CBEA1-608F-4871-8962-62DF7A3445F2}.Release|Any CPU.Build.0 = Release|Any CPU
		{334CBEA1-608F-4871-8962-62DF7A3445F2}.Release|iPhone.ActiveCfg = Release|Any CPU
		{334CBEA1-608F-4871-8962-62DF7A3445F2}.Release|iPhone.Build.0 = Release|Any CPU
		{334CBEA1-608F-4871-8962-62DF7A3445F2}.Release|iPhoneSimulator.ActiveCfg = Release|Any CPU
		{334CBEA1-608F-4871-8962-62DF7A3445F2}.Release|iPhoneSimulator.Build.0 = Release|Any CPU
		{6F03C000-56C5-460E-8B9F-79F95207A51A}.Ad-Hoc|Any CPU.ActiveCfg = Release|Any CPU
		{6F03C000-56C5-460E-8B9F-79F95207A51A}.Ad-Hoc|Any CPU.Build.0 = Release|Any CPU
		{6F03C000-56C5-460E-8B9F-79F95207A51A}.Ad-Hoc|iPhone.ActiveCfg = Release|Any CPU
		{6F03C000-56C5-460E-8B9F-79F95207A51A}.Ad-Hoc|iPhone.Build.0 = Release|Any CPU
		{6F03C000-56C5-460E-8B9F-79F95207A51A}.Ad-Hoc|iPhoneSimulator.ActiveCfg = Release|Any CPU
		{6F03C000-56C5-460E-8B9F-79F95207A51A}.Ad-Hoc|iPhoneSimulator.Build.0 = Release|Any CPU
		{6F03C000-56C5-460E-8B9F-79F95207A51A}.AppStore|Any CPU.ActiveCfg = Release|Any CPU
		{6F03C000-56C5-460E-8B9F-79F95207A51A}.AppStore|Any CPU.Build.0 = Release|Any CPU
		{6F03C000-56C5-460E-8B9F-79F95207A51A}.AppStore|iPhone.ActiveCfg = Release|Any CPU
		{6F03C000-56C5-460E-8B9F-79F95207A51A}.AppStore|iPhone.Build.0 = Release|Any CPU
		{6F03C000-56C5-460E-8B9F-79F95207A51A}.AppStore|iPhoneSimulator.ActiveCfg = Release|Any CPU
		{6F03C000-56C5-460E-8B9F-79F95207A51A}.AppStore|iPhoneSimulator.Build.0 = Release|Any CPU
		{6F03C000-56C5-460E-8B9F-79F95207A51A}.Debug|Any CPU.ActiveCfg = Debug|Any CPU
		{6F03C000-56C5-460E-8B9F-79F95207A51A}.Debug|Any CPU.Build.0 = Debug|Any CPU
		{6F03C000-56C5-460E-8B9F-79F95207A51A}.Debug|iPhone.ActiveCfg = Debug|Any CPU
		{6F03C000-56C5-460E-8B9F-79F95207A51A}.Debug|iPhone.Build.0 = Debug|Any CPU
		{6F03C000-56C5-460E-8B9F-79F95207A51A}.Debug|iPhoneSimulator.ActiveCfg = Debug|Any CPU
		{6F03C000-56C5-460E-8B9F-79F95207A51A}.Debug|iPhoneSimulator.Build.0 = Debug|Any CPU
		{6F03C000-56C5-460E-8B9F-79F95207A51A}.Release|Any CPU.ActiveCfg = Release|Any CPU
		{6F03C000-56C5-460E-8B9F-79F95207A51A}.Release|Any CPU.Build.0 = Release|Any CPU
		{6F03C000-56C5-460E-8B9F-79F95207A51A}.Release|iPhone.ActiveCfg = Release|Any CPU
		{6F03C000-56C5-460E-8B9F-79F95207A51A}.Release|iPhone.Build.0 = Release|Any CPU
		{6F03C000-56C5-460E-8B9F-79F95207A51A}.Release|iPhoneSimulator.ActiveCfg = Release|Any CPU
		{6F03C000-56C5-460E-8B9F-79F95207A51A}.Release|iPhoneSimulator.Build.0 = Release|Any CPU
		{B3CF191E-19D0-4936-B021-9CB5DA19F9D0}.Ad-Hoc|Any CPU.ActiveCfg = Ad-Hoc|iPhone
		{B3CF191E-19D0-4936-B021-9CB5DA19F9D0}.Ad-Hoc|iPhone.ActiveCfg = Ad-Hoc|iPhone
		{B3CF191E-19D0-4936-B021-9CB5DA19F9D0}.Ad-Hoc|iPhone.Build.0 = Ad-Hoc|iPhone
		{B3CF191E-19D0-4936-B021-9CB5DA19F9D0}.Ad-Hoc|iPhoneSimulator.ActiveCfg = Ad-Hoc|iPhoneSimulator
		{B3CF191E-19D0-4936-B021-9CB5DA19F9D0}.Ad-Hoc|iPhoneSimulator.Build.0 = Ad-Hoc|iPhoneSimulator
		{B3CF191E-19D0-4936-B021-9CB5DA19F9D0}.AppStore|Any CPU.ActiveCfg = AppStore|iPhone
		{B3CF191E-19D0-4936-B021-9CB5DA19F9D0}.AppStore|iPhone.ActiveCfg = AppStore|iPhone
		{B3CF191E-19D0-4936-B021-9CB5DA19F9D0}.AppStore|iPhone.Build.0 = AppStore|iPhone
		{B3CF191E-19D0-4936-B021-9CB5DA19F9D0}.AppStore|iPhoneSimulator.ActiveCfg = AppStore|iPhoneSimulator
		{B3CF191E-19D0-4936-B021-9CB5DA19F9D0}.AppStore|iPhoneSimulator.Build.0 = AppStore|iPhoneSimulator
		{B3CF191E-19D0-4936-B021-9CB5DA19F9D0}.Debug|Any CPU.ActiveCfg = Debug|iPhone
		{B3CF191E-19D0-4936-B021-9CB5DA19F9D0}.Debug|iPhone.ActiveCfg = Debug|iPhone
		{B3CF191E-19D0-4936-B021-9CB5DA19F9D0}.Debug|iPhone.Build.0 = Debug|iPhone
		{B3CF191E-19D0-4936-B021-9CB5DA19F9D0}.Debug|iPhoneSimulator.ActiveCfg = Debug|iPhoneSimulator
		{B3CF191E-19D0-4936-B021-9CB5DA19F9D0}.Debug|iPhoneSimulator.Build.0 = Debug|iPhoneSimulator
		{B3CF191E-19D0-4936-B021-9CB5DA19F9D0}.Release|Any CPU.ActiveCfg = Release|iPhone
		{B3CF191E-19D0-4936-B021-9CB5DA19F9D0}.Release|iPhone.ActiveCfg = Release|iPhone
		{B3CF191E-19D0-4936-B021-9CB5DA19F9D0}.Release|iPhone.Build.0 = Release|iPhone
		{B3CF191E-19D0-4936-B021-9CB5DA19F9D0}.Release|iPhoneSimulator.ActiveCfg = Release|iPhoneSimulator
		{B3CF191E-19D0-4936-B021-9CB5DA19F9D0}.Release|iPhoneSimulator.Build.0 = Release|iPhoneSimulator
		{FE88CB10-6264-452A-ADA8-DC11BE91E812}.Ad-Hoc|Any CPU.ActiveCfg = Release|Any CPU
		{FE88CB10-6264-452A-ADA8-DC11BE91E812}.Ad-Hoc|Any CPU.Build.0 = Release|Any CPU
		{FE88CB10-6264-452A-ADA8-DC11BE91E812}.Ad-Hoc|iPhone.ActiveCfg = Release|Any CPU
		{FE88CB10-6264-452A-ADA8-DC11BE91E812}.Ad-Hoc|iPhone.Build.0 = Release|Any CPU
		{FE88CB10-6264-452A-ADA8-DC11BE91E812}.Ad-Hoc|iPhoneSimulator.ActiveCfg = Release|Any CPU
		{FE88CB10-6264-452A-ADA8-DC11BE91E812}.Ad-Hoc|iPhoneSimulator.Build.0 = Release|Any CPU
		{FE88CB10-6264-452A-ADA8-DC11BE91E812}.AppStore|Any CPU.ActiveCfg = Release|Any CPU
		{FE88CB10-6264-452A-ADA8-DC11BE91E812}.AppStore|Any CPU.Build.0 = Release|Any CPU
		{FE88CB10-6264-452A-ADA8-DC11BE91E812}.AppStore|iPhone.ActiveCfg = Release|Any CPU
		{FE88CB10-6264-452A-ADA8-DC11BE91E812}.AppStore|iPhone.Build.0 = Release|Any CPU
		{FE88CB10-6264-452A-ADA8-DC11BE91E812}.AppStore|iPhoneSimulator.ActiveCfg = Release|Any CPU
		{FE88CB10-6264-452A-ADA8-DC11BE91E812}.AppStore|iPhoneSimulator.Build.0 = Release|Any CPU
		{FE88CB10-6264-452A-ADA8-DC11BE91E812}.Debug|Any CPU.ActiveCfg = Debug|Any CPU
		{FE88CB10-6264-452A-ADA8-DC11BE91E812}.Debug|Any CPU.Build.0 = Debug|Any CPU
		{FE88CB10-6264-452A-ADA8-DC11BE91E812}.Debug|iPhone.ActiveCfg = Debug|Any CPU
		{FE88CB10-6264-452A-ADA8-DC11BE91E812}.Debug|iPhone.Build.0 = Debug|Any CPU
		{FE88CB10-6264-452A-ADA8-DC11BE91E812}.Debug|iPhoneSimulator.ActiveCfg = Debug|Any CPU
		{FE88CB10-6264-452A-ADA8-DC11BE91E812}.Debug|iPhoneSimulator.Build.0 = Debug|Any CPU
		{FE88CB10-6264-452A-ADA8-DC11BE91E812}.Release|Any CPU.ActiveCfg = Release|Any CPU
		{FE88CB10-6264-452A-ADA8-DC11BE91E812}.Release|Any CPU.Build.0 = Release|Any CPU
		{FE88CB10-6264-452A-ADA8-DC11BE91E812}.Release|iPhone.ActiveCfg = Release|Any CPU
		{FE88CB10-6264-452A-ADA8-DC11BE91E812}.Release|iPhone.Build.0 = Release|Any CPU
		{FE88CB10-6264-452A-ADA8-DC11BE91E812}.Release|iPhoneSimulator.ActiveCfg = Release|Any CPU
		{FE88CB10-6264-452A-ADA8-DC11BE91E812}.Release|iPhoneSimulator.Build.0 = Release|Any CPU
		{B76AED63-299A-4AEF-8F59-4A7F5DFEB92C}.Ad-Hoc|Any CPU.ActiveCfg = Release|Any CPU
		{B76AED63-299A-4AEF-8F59-4A7F5DFEB92C}.Ad-Hoc|Any CPU.Build.0 = Release|Any CPU
		{B76AED63-299A-4AEF-8F59-4A7F5DFEB92C}.Ad-Hoc|iPhone.ActiveCfg = Release|Any CPU
		{B76AED63-299A-4AEF-8F59-4A7F5DFEB92C}.Ad-Hoc|iPhone.Build.0 = Release|Any CPU
		{B76AED63-299A-4AEF-8F59-4A7F5DFEB92C}.Ad-Hoc|iPhoneSimulator.ActiveCfg = Release|Any CPU
		{B76AED63-299A-4AEF-8F59-4A7F5DFEB92C}.Ad-Hoc|iPhoneSimulator.Build.0 = Release|Any CPU
		{B76AED63-299A-4AEF-8F59-4A7F5DFEB92C}.AppStore|Any CPU.ActiveCfg = Release|Any CPU
		{B76AED63-299A-4AEF-8F59-4A7F5DFEB92C}.AppStore|Any CPU.Build.0 = Release|Any CPU
		{B76AED63-299A-4AEF-8F59-4A7F5DFEB92C}.AppStore|iPhone.ActiveCfg = Release|Any CPU
		{B76AED63-299A-4AEF-8F59-4A7F5DFEB92C}.AppStore|iPhone.Build.0 = Release|Any CPU
		{B76AED63-299A-4AEF-8F59-4A7F5DFEB92C}.AppStore|iPhoneSimulator.ActiveCfg = Release|Any CPU
		{B76AED63-299A-4AEF-8F59-4A7F5DFEB92C}.AppStore|iPhoneSimulator.Build.0 = Release|Any CPU
		{B76AED63-299A-4AEF-8F59-4A7F5DFEB92C}.Debug|Any CPU.ActiveCfg = Debug|Any CPU
		{B76AED63-299A-4AEF-8F59-4A7F5DFEB92C}.Debug|Any CPU.Build.0 = Debug|Any CPU
		{B76AED63-299A-4AEF-8F59-4A7F5DFEB92C}.Debug|iPhone.ActiveCfg = Debug|Any CPU
		{B76AED63-299A-4AEF-8F59-4A7F5DFEB92C}.Debug|iPhone.Build.0 = Debug|Any CPU
		{B76AED63-299A-4AEF-8F59-4A7F5DFEB92C}.Debug|iPhoneSimulator.ActiveCfg = Debug|Any CPU
		{B76AED63-299A-4AEF-8F59-4A7F5DFEB92C}.Debug|iPhoneSimulator.Build.0 = Debug|Any CPU
		{B76AED63-299A-4AEF-8F59-4A7F5DFEB92C}.Release|Any CPU.ActiveCfg = Release|Any CPU
		{B76AED63-299A-4AEF-8F59-4A7F5DFEB92C}.Release|Any CPU.Build.0 = Release|Any CPU
		{B76AED63-299A-4AEF-8F59-4A7F5DFEB92C}.Release|iPhone.ActiveCfg = Release|Any CPU
		{B76AED63-299A-4AEF-8F59-4A7F5DFEB92C}.Release|iPhone.Build.0 = Release|Any CPU
		{B76AED63-299A-4AEF-8F59-4A7F5DFEB92C}.Release|iPhoneSimulator.ActiveCfg = Release|Any CPU
		{B76AED63-299A-4AEF-8F59-4A7F5DFEB92C}.Release|iPhoneSimulator.Build.0 = Release|Any CPU
		{1642A87A-B6F9-4C86-89D6-89C846D88ED0}.Ad-Hoc|Any CPU.ActiveCfg = Release|Any CPU
		{1642A87A-B6F9-4C86-89D6-89C846D88ED0}.Ad-Hoc|Any CPU.Build.0 = Release|Any CPU
		{1642A87A-B6F9-4C86-89D6-89C846D88ED0}.Ad-Hoc|iPhone.ActiveCfg = Release|Any CPU
		{1642A87A-B6F9-4C86-89D6-89C846D88ED0}.Ad-Hoc|iPhone.Build.0 = Release|Any CPU
		{1642A87A-B6F9-4C86-89D6-89C846D88ED0}.Ad-Hoc|iPhoneSimulator.ActiveCfg = Release|Any CPU
		{1642A87A-B6F9-4C86-89D6-89C846D88ED0}.Ad-Hoc|iPhoneSimulator.Build.0 = Release|Any CPU
		{1642A87A-B6F9-4C86-89D6-89C846D88ED0}.AppStore|Any CPU.ActiveCfg = Release|Any CPU
		{1642A87A-B6F9-4C86-89D6-89C846D88ED0}.AppStore|Any CPU.Build.0 = Release|Any CPU
		{1642A87A-B6F9-4C86-89D6-89C846D88ED0}.AppStore|iPhone.ActiveCfg = Release|Any CPU
		{1642A87A-B6F9-4C86-89D6-89C846D88ED0}.AppStore|iPhone.Build.0 = Release|Any CPU
		{1642A87A-B6F9-4C86-89D6-89C846D88ED0}.AppStore|iPhoneSimulator.ActiveCfg = Release|Any CPU
		{1642A87A-B6F9-4C86-89D6-89C846D88ED0}.AppStore|iPhoneSimulator.Build.0 = Release|Any CPU
		{1642A87A-B6F9-4C86-89D6-89C846D88ED0}.Debug|Any CPU.ActiveCfg = Debug|Any CPU
		{1642A87A-B6F9-4C86-89D6-89C846D88ED0}.Debug|Any CPU.Build.0 = Debug|Any CPU
		{1642A87A-B6F9-4C86-89D6-89C846D88ED0}.Debug|iPhone.ActiveCfg = Debug|Any CPU
		{1642A87A-B6F9-4C86-89D6-89C846D88ED0}.Debug|iPhone.Build.0 = Debug|Any CPU
		{1642A87A-B6F9-4C86-89D6-89C846D88ED0}.Debug|iPhoneSimulator.ActiveCfg = Debug|Any CPU
		{1642A87A-B6F9-4C86-89D6-89C846D88ED0}.Debug|iPhoneSimulator.Build.0 = Debug|Any CPU
		{1642A87A-B6F9-4C86-89D6-89C846D88ED0}.Release|Any CPU.ActiveCfg = Release|Any CPU
		{1642A87A-B6F9-4C86-89D6-89C846D88ED0}.Release|Any CPU.Build.0 = Release|Any CPU
		{1642A87A-B6F9-4C86-89D6-89C846D88ED0}.Release|iPhone.ActiveCfg = Release|Any CPU
		{1642A87A-B6F9-4C86-89D6-89C846D88ED0}.Release|iPhone.Build.0 = Release|Any CPU
		{1642A87A-B6F9-4C86-89D6-89C846D88ED0}.Release|iPhoneSimulator.ActiveCfg = Release|Any CPU
		{1642A87A-B6F9-4C86-89D6-89C846D88ED0}.Release|iPhoneSimulator.Build.0 = Release|Any CPU
		{C51C198D-4183-4229-BE27-3917C0D75E58}.Ad-Hoc|Any CPU.ActiveCfg = Release|Any CPU
		{C51C198D-4183-4229-BE27-3917C0D75E58}.Ad-Hoc|Any CPU.Build.0 = Release|Any CPU
		{C51C198D-4183-4229-BE27-3917C0D75E58}.Ad-Hoc|iPhone.ActiveCfg = Release|Any CPU
		{C51C198D-4183-4229-BE27-3917C0D75E58}.Ad-Hoc|iPhone.Build.0 = Release|Any CPU
		{C51C198D-4183-4229-BE27-3917C0D75E58}.Ad-Hoc|iPhoneSimulator.ActiveCfg = Release|Any CPU
		{C51C198D-4183-4229-BE27-3917C0D75E58}.Ad-Hoc|iPhoneSimulator.Build.0 = Release|Any CPU
		{C51C198D-4183-4229-BE27-3917C0D75E58}.AppStore|Any CPU.ActiveCfg = Release|Any CPU
		{C51C198D-4183-4229-BE27-3917C0D75E58}.AppStore|Any CPU.Build.0 = Release|Any CPU
		{C51C198D-4183-4229-BE27-3917C0D75E58}.AppStore|iPhone.ActiveCfg = Release|Any CPU
		{C51C198D-4183-4229-BE27-3917C0D75E58}.AppStore|iPhone.Build.0 = Release|Any CPU
		{C51C198D-4183-4229-BE27-3917C0D75E58}.AppStore|iPhoneSimulator.ActiveCfg = Release|Any CPU
		{C51C198D-4183-4229-BE27-3917C0D75E58}.AppStore|iPhoneSimulator.Build.0 = Release|Any CPU
		{C51C198D-4183-4229-BE27-3917C0D75E58}.Debug|Any CPU.ActiveCfg = Debug|Any CPU
		{C51C198D-4183-4229-BE27-3917C0D75E58}.Debug|Any CPU.Build.0 = Debug|Any CPU
		{C51C198D-4183-4229-BE27-3917C0D75E58}.Debug|iPhone.ActiveCfg = Debug|Any CPU
		{C51C198D-4183-4229-BE27-3917C0D75E58}.Debug|iPhone.Build.0 = Debug|Any CPU
		{C51C198D-4183-4229-BE27-3917C0D75E58}.Debug|iPhoneSimulator.ActiveCfg = Debug|Any CPU
		{C51C198D-4183-4229-BE27-3917C0D75E58}.Debug|iPhoneSimulator.Build.0 = Debug|Any CPU
		{C51C198D-4183-4229-BE27-3917C0D75E58}.Release|Any CPU.ActiveCfg = Release|Any CPU
		{C51C198D-4183-4229-BE27-3917C0D75E58}.Release|Any CPU.Build.0 = Release|Any CPU
		{C51C198D-4183-4229-BE27-3917C0D75E58}.Release|iPhone.ActiveCfg = Release|Any CPU
		{C51C198D-4183-4229-BE27-3917C0D75E58}.Release|iPhone.Build.0 = Release|Any CPU
		{C51C198D-4183-4229-BE27-3917C0D75E58}.Release|iPhoneSimulator.ActiveCfg = Release|Any CPU
		{C51C198D-4183-4229-BE27-3917C0D75E58}.Release|iPhoneSimulator.Build.0 = Release|Any CPU
	EndGlobalSection
	GlobalSection(SolutionProperties) = preSolution
		HideSolutionNode = FALSE
	EndGlobalSection
EndGlobal
